// !$*UTF8*$!
{
	archiveVersion = 1;
	classes = {
	};
	objectVersion = 46;
	objects = {

/* Begin PBXBuildFile section */
		0AD9269D16DB07CE00FA192E /* UIKit.framework in Frameworks */ = {isa = PBXBuildFile; fileRef = 0AD9269C16DB07CE00FA192E /* UIKit.framework */; };
		0AD9269F16DB07CE00FA192E /* Foundation.framework in Frameworks */ = {isa = PBXBuildFile; fileRef = 0AD9269E16DB07CE00FA192E /* Foundation.framework */; };
		0AD926A116DB07CE00FA192E /* CoreGraphics.framework in Frameworks */ = {isa = PBXBuildFile; fileRef = 0AD926A016DB07CE00FA192E /* CoreGraphics.framework */; };
		0AD926A716DB07CE00FA192E /* InfoPlist.strings in Resources */ = {isa = PBXBuildFile; fileRef = 0AD926A516DB07CE00FA192E /* InfoPlist.strings */; };
		0AD926A916DB07CE00FA192E /* main.m in Sources */ = {isa = PBXBuildFile; fileRef = 0AD926A816DB07CE00FA192E /* main.m */; };
		0AD926AD16DB07CE00FA192E /* AppDelegate.m in Sources */ = {isa = PBXBuildFile; fileRef = 0AD926AC16DB07CE00FA192E /* AppDelegate.m */; };
		0AD926AF16DB07CE00FA192E /* Default.png in Resources */ = {isa = PBXBuildFile; fileRef = 0AD926AE16DB07CE00FA192E /* Default.png */; };
		0AD926B116DB07CE00FA192E /* Default@2x.png in Resources */ = {isa = PBXBuildFile; fileRef = 0AD926B016DB07CE00FA192E /* Default@2x.png */; };
		0AD926B316DB07CE00FA192E /* Default-568h@2x.png in Resources */ = {isa = PBXBuildFile; fileRef = 0AD926B216DB07CE00FA192E /* Default-568h@2x.png */; };
		0AD926B616DB07CE00FA192E /* iPhone.storyboard in Resources */ = {isa = PBXBuildFile; fileRef = 0AD926B416DB07CE00FA192E /* iPhone.storyboard */; };
		0AD926B916DB07CE00FA192E /* iPad.storyboard in Resources */ = {isa = PBXBuildFile; fileRef = 0AD926B716DB07CE00FA192E /* iPad.storyboard */; };
		0AD926C416DB099000FA192E /* StopsTVC.m in Sources */ = {isa = PBXBuildFile; fileRef = 0AD926C316DB099000FA192E /* StopsTVC.m */; };
		0AD926CB16DB0AA400FA192E /* MapVC.m in Sources */ = {isa = PBXBuildFile; fileRef = 0AD926CA16DB0AA400FA192E /* MapVC.m */; };
		0AD926D216DB0DB200FA192E /* Walk.m in Sources */ = {isa = PBXBuildFile; fileRef = 0AD926D116DB0DB200FA192E /* Walk.m */; };
		0AD926D516DB0E4F00FA192E /* Stop.m in Sources */ = {isa = PBXBuildFile; fileRef = 0AD926D416DB0E4F00FA192E /* Stop.m */; };
		0AD926D816DB0E6B00FA192E /* StartLocation.m in Sources */ = {isa = PBXBuildFile; fileRef = 0AD926D716DB0E6B00FA192E /* StartLocation.m */; };
		0AD926DB16DB115E00FA192E /* WalksTVC.m in Sources */ = {isa = PBXBuildFile; fileRef = 0AD926DA16DB115E00FA192E /* WalksTVC.m */; };
		0AD926DD16DB189A00FA192E /* MapKit.framework in Frameworks */ = {isa = PBXBuildFile; fileRef = 0AD926DC16DB189A00FA192E /* MapKit.framework */; };
		0AE7802A16DBBD6F003785E9 /* NewWalkVC.m in Sources */ = {isa = PBXBuildFile; fileRef = 0AE7802916DBBD6F003785E9 /* NewWalkVC.m */; };
/* End PBXBuildFile section */

/* Begin PBXFileReference section */
		0AD9269916DB07CE00FA192E /* Walk Around The Block.app */ = {isa = PBXFileReference; explicitFileType = wrapper.application; includeInIndex = 0; path = "Walk Around The Block.app"; sourceTree = BUILT_PRODUCTS_DIR; };
		0AD9269C16DB07CE00FA192E /* UIKit.framework */ = {isa = PBXFileReference; lastKnownFileType = wrapper.framework; name = UIKit.framework; path = System/Library/Frameworks/UIKit.framework; sourceTree = SDKROOT; };
		0AD9269E16DB07CE00FA192E /* Foundation.framework */ = {isa = PBXFileReference; lastKnownFileType = wrapper.framework; name = Foundation.framework; path = System/Library/Frameworks/Foundation.framework; sourceTree = SDKROOT; };
		0AD926A016DB07CE00FA192E /* CoreGraphics.framework */ = {isa = PBXFileReference; lastKnownFileType = wrapper.framework; name = CoreGraphics.framework; path = System/Library/Frameworks/CoreGraphics.framework; sourceTree = SDKROOT; };
		0AD926A416DB07CE00FA192E /* Walk Around The Block-Info.plist */ = {isa = PBXFileReference; lastKnownFileType = text.plist.xml; path = "Walk Around The Block-Info.plist"; sourceTree = "<group>"; };
		0AD926A616DB07CE00FA192E /* en */ = {isa = PBXFileReference; lastKnownFileType = text.plist.strings; name = en; path = en.lproj/InfoPlist.strings; sourceTree = "<group>"; };
		0AD926A816DB07CE00FA192E /* main.m */ = {isa = PBXFileReference; lastKnownFileType = sourcecode.c.objc; path = main.m; sourceTree = "<group>"; };
		0AD926AA16DB07CE00FA192E /* Walk Around The Block-Prefix.pch */ = {isa = PBXFileReference; lastKnownFileType = sourcecode.c.h; path = "Walk Around The Block-Prefix.pch"; sourceTree = "<group>"; };
		0AD926AB16DB07CE00FA192E /* AppDelegate.h */ = {isa = PBXFileReference; lastKnownFileType = sourcecode.c.h; path = AppDelegate.h; sourceTree = "<group>"; };
		0AD926AC16DB07CE00FA192E /* AppDelegate.m */ = {isa = PBXFileReference; lastKnownFileType = sourcecode.c.objc; path = AppDelegate.m; sourceTree = "<group>"; };
		0AD926AE16DB07CE00FA192E /* Default.png */ = {isa = PBXFileReference; lastKnownFileType = image.png; path = Default.png; sourceTree = "<group>"; };
		0AD926B016DB07CE00FA192E /* Default@2x.png */ = {isa = PBXFileReference; lastKnownFileType = image.png; path = "Default@2x.png"; sourceTree = "<group>"; };
		0AD926B216DB07CE00FA192E /* Default-568h@2x.png */ = {isa = PBXFileReference; lastKnownFileType = image.png; path = "Default-568h@2x.png"; sourceTree = "<group>"; };
		0AD926B516DB07CE00FA192E /* en */ = {isa = PBXFileReference; lastKnownFileType = file.storyboard; name = en; path = en.lproj/iPhone.storyboard; sourceTree = "<group>"; };
		0AD926B816DB07CE00FA192E /* en */ = {isa = PBXFileReference; lastKnownFileType = file.storyboard; name = en; path = en.lproj/iPad.storyboard; sourceTree = "<group>"; };
		0AD926C216DB099000FA192E /* StopsTVC.h */ = {isa = PBXFileReference; fileEncoding = 4; lastKnownFileType = sourcecode.c.h; path = StopsTVC.h; sourceTree = "<group>"; };
		0AD926C316DB099000FA192E /* StopsTVC.m */ = {isa = PBXFileReference; fileEncoding = 4; lastKnownFileType = sourcecode.c.objc; path = StopsTVC.m; sourceTree = "<group>"; };
		0AD926C916DB0AA400FA192E /* MapVC.h */ = {isa = PBXFileReference; fileEncoding = 4; lastKnownFileType = sourcecode.c.h; name = MapVC.h; path = ../MapVC.h; sourceTree = "<group>"; };
		0AD926CA16DB0AA400FA192E /* MapVC.m */ = {isa = PBXFileReference; fileEncoding = 4; lastKnownFileType = sourcecode.c.objc; name = MapVC.m; path = ../MapVC.m; sourceTree = "<group>"; };
		0AD926D016DB0DB200FA192E /* Walk.h */ = {isa = PBXFileReference; fileEncoding = 4; lastKnownFileType = sourcecode.c.h; path = Walk.h; sourceTree = "<group>"; };
		0AD926D116DB0DB200FA192E /* Walk.m */ = {isa = PBXFileReference; fileEncoding = 4; lastKnownFileType = sourcecode.c.objc; path = Walk.m; sourceTree = "<group>"; };
		0AD926D316DB0E4F00FA192E /* Stop.h */ = {isa = PBXFileReference; fileEncoding = 4; lastKnownFileType = sourcecode.c.h; path = Stop.h; sourceTree = "<group>"; };
		0AD926D416DB0E4F00FA192E /* Stop.m */ = {isa = PBXFileReference; fileEncoding = 4; lastKnownFileType = sourcecode.c.objc; path = Stop.m; sourceTree = "<group>"; };
		0AD926D616DB0E6B00FA192E /* StartLocation.h */ = {isa = PBXFileReference; fileEncoding = 4; lastKnownFileType = sourcecode.c.h; path = StartLocation.h; sourceTree = "<group>"; };
		0AD926D716DB0E6B00FA192E /* StartLocation.m */ = {isa = PBXFileReference; fileEncoding = 4; lastKnownFileType = sourcecode.c.objc; path = StartLocation.m; sourceTree = "<group>"; };
		0AD926D916DB115E00FA192E /* WalksTVC.h */ = {isa = PBXFileReference; fileEncoding = 4; lastKnownFileType = sourcecode.c.h; path = WalksTVC.h; sourceTree = "<group>"; };
		0AD926DA16DB115E00FA192E /* WalksTVC.m */ = {isa = PBXFileReference; fileEncoding = 4; lastKnownFileType = sourcecode.c.objc; path = WalksTVC.m; sourceTree = "<group>"; };
		0AD926DC16DB189A00FA192E /* MapKit.framework */ = {isa = PBXFileReference; lastKnownFileType = wrapper.framework; name = MapKit.framework; path = System/Library/Frameworks/MapKit.framework; sourceTree = SDKROOT; };
		0AE7802816DBBD6F003785E9 /* NewWalkVC.h */ = {isa = PBXFileReference; fileEncoding = 4; lastKnownFileType = sourcecode.c.h; path = NewWalkVC.h; sourceTree = "<group>"; };
		0AE7802916DBBD6F003785E9 /* NewWalkVC.m */ = {isa = PBXFileReference; fileEncoding = 4; lastKnownFileType = sourcecode.c.objc; path = NewWalkVC.m; sourceTree = "<group>"; };
/* End PBXFileReference section */

/* Begin PBXFrameworksBuildPhase section */
		0AD9269616DB07CE00FA192E /* Frameworks */ = {
			isa = PBXFrameworksBuildPhase;
			buildActionMask = 2147483647;
			files = (
				0AD926DD16DB189A00FA192E /* MapKit.framework in Frameworks */,
				0AD9269D16DB07CE00FA192E /* UIKit.framework in Frameworks */,
				0AD9269F16DB07CE00FA192E /* Foundation.framework in Frameworks */,
				0AD926A116DB07CE00FA192E /* CoreGraphics.framework in Frameworks */,
			);
			runOnlyForDeploymentPostprocessing = 0;
		};
/* End PBXFrameworksBuildPhase section */

/* Begin PBXGroup section */
		0AD9269016DB07CE00FA192E = {
			isa = PBXGroup;
			children = (
				0AD926DC16DB189A00FA192E /* MapKit.framework */,
				0AD926A216DB07CE00FA192E /* Walk Around The Block */,
				0AD9269B16DB07CE00FA192E /* Frameworks */,
				0AD9269A16DB07CE00FA192E /* Products */,
			);
			sourceTree = "<group>";
		};
		0AD9269A16DB07CE00FA192E /* Products */ = {
			isa = PBXGroup;
			children = (
				0AD9269916DB07CE00FA192E /* Walk Around The Block.app */,
			);
			name = Products;
			sourceTree = "<group>";
		};
		0AD9269B16DB07CE00FA192E /* Frameworks */ = {
			isa = PBXGroup;
			children = (
				0AD9269C16DB07CE00FA192E /* UIKit.framework */,
				0AD9269E16DB07CE00FA192E /* Foundation.framework */,
				0AD926A016DB07CE00FA192E /* CoreGraphics.framework */,
			);
			name = Frameworks;
			sourceTree = "<group>";
		};
		0AD926A216DB07CE00FA192E /* Walk Around The Block */ = {
			isa = PBXGroup;
			children = (
				0AD926AB16DB07CE00FA192E /* AppDelegate.h */,
				0AD926AC16DB07CE00FA192E /* AppDelegate.m */,
				0AD926B416DB07CE00FA192E /* iPhone.storyboard */,
				0AD926B716DB07CE00FA192E /* iPad.storyboard */,
				0AD926CC16DB0C4500FA192E /* Model */,
				0AD926C516DB0A0B00FA192E /* Views */,
				0AD926A316DB07CE00FA192E /* Supporting Files */,
			);
			path = "Walk Around The Block";
			sourceTree = "<group>";
		};
		0AD926A316DB07CE00FA192E /* Supporting Files */ = {
			isa = PBXGroup;
			children = (
				0AD926A416DB07CE00FA192E /* Walk Around The Block-Info.plist */,
				0AD926A516DB07CE00FA192E /* InfoPlist.strings */,
				0AD926A816DB07CE00FA192E /* main.m */,
				0AD926AA16DB07CE00FA192E /* Walk Around The Block-Prefix.pch */,
				0AD926AE16DB07CE00FA192E /* Default.png */,
				0AD926B016DB07CE00FA192E /* Default@2x.png */,
				0AD926B216DB07CE00FA192E /* Default-568h@2x.png */,
			);
			name = "Supporting Files";
			sourceTree = "<group>";
		};
		0AD926C516DB0A0B00FA192E /* Views */ = {
			isa = PBXGroup;
			children = (
				0AE7802816DBBD6F003785E9 /* NewWalkVC.h */,
				0AE7802916DBBD6F003785E9 /* NewWalkVC.m */,
				0AD926D916DB115E00FA192E /* WalksTVC.h */,
				0AD926DA16DB115E00FA192E /* WalksTVC.m */,
				0AD926C216DB099000FA192E /* StopsTVC.h */,
				0AD926C316DB099000FA192E /* StopsTVC.m */,
				0AD926C916DB0AA400FA192E /* MapVC.h */,
				0AD926CA16DB0AA400FA192E /* MapVC.m */,
			);
			name = Views;
			sourceTree = "<group>";
		};
		0AD926CC16DB0C4500FA192E /* Model */ = {
			isa = PBXGroup;
			children = (
				0AD926D016DB0DB200FA192E /* Walk.h */,
				0AD926D116DB0DB200FA192E /* Walk.m */,
				0AD926D316DB0E4F00FA192E /* Stop.h */,
				0AD926D416DB0E4F00FA192E /* Stop.m */,
				0AD926D616DB0E6B00FA192E /* StartLocation.h */,
				0AD926D716DB0E6B00FA192E /* StartLocation.m */,
			);
			name = Model;
			sourceTree = "<group>";
		};
/* End PBXGroup section */

/* Begin PBXNativeTarget section */
		0AD9269816DB07CE00FA192E /* Walk Around The Block */ = {
			isa = PBXNativeTarget;
			buildConfigurationList = 0AD926BF16DB07CE00FA192E /* Build configuration list for PBXNativeTarget "Walk Around The Block" */;
			buildPhases = (
				0AD9269516DB07CE00FA192E /* Sources */,
				0AD9269616DB07CE00FA192E /* Frameworks */,
				0AD9269716DB07CE00FA192E /* Resources */,
			);
			buildRules = (
			);
			dependencies = (
			);
			name = "Walk Around The Block";
			productName = "Walk Around The Block";
			productReference = 0AD9269916DB07CE00FA192E /* Walk Around The Block.app */;
			productType = "com.apple.product-type.application";
		};
/* End PBXNativeTarget section */

/* Begin PBXProject section */
		0AD9269116DB07CE00FA192E /* Project object */ = {
			isa = PBXProject;
			attributes = {
				LastUpgradeCheck = 0460;
				ORGANIZATIONNAME = "Jorn Nordahl";
			};
			buildConfigurationList = 0AD9269416DB07CE00FA192E /* Build configuration list for PBXProject "Walk Around The Block" */;
			compatibilityVersion = "Xcode 3.2";
			developmentRegion = English;
			hasScannedForEncodings = 0;
			knownRegions = (
				en,
			);
			mainGroup = 0AD9269016DB07CE00FA192E;
			productRefGroup = 0AD9269A16DB07CE00FA192E /* Products */;
			projectDirPath = "";
			projectRoot = "";
			targets = (
				0AD9269816DB07CE00FA192E /* Walk Around The Block */,
			);
		};
/* End PBXProject section */

/* Begin PBXResourcesBuildPhase section */
		0AD9269716DB07CE00FA192E /* Resources */ = {
			isa = PBXResourcesBuildPhase;
			buildActionMask = 2147483647;
			files = (
				0AD926A716DB07CE00FA192E /* InfoPlist.strings in Resources */,
				0AD926AF16DB07CE00FA192E /* Default.png in Resources */,
				0AD926B116DB07CE00FA192E /* Default@2x.png in Resources */,
				0AD926B316DB07CE00FA192E /* Default-568h@2x.png in Resources */,
				0AD926B616DB07CE00FA192E /* iPhone.storyboard in Resources */,
				0AD926B916DB07CE00FA192E /* iPad.storyboard in Resources */,
			);
			runOnlyForDeploymentPostprocessing = 0;
		};
/* End PBXResourcesBuildPhase section */

/* Begin PBXSourcesBuildPhase section */
		0AD9269516DB07CE00FA192E /* Sources */ = {
			isa = PBXSourcesBuildPhase;
			buildActionMask = 2147483647;
			files = (
				0AD926A916DB07CE00FA192E /* main.m in Sources */,
				0AD926AD16DB07CE00FA192E /* AppDelegate.m in Sources */,
				0AD926C416DB099000FA192E /* StopsTVC.m in Sources */,
				0AD926CB16DB0AA400FA192E /* MapVC.m in Sources */,
				0AD926D216DB0DB200FA192E /* Walk.m in Sources */,
				0AD926D516DB0E4F00FA192E /* Stop.m in Sources */,
				0AD926D816DB0E6B00FA192E /* StartLocation.m in Sources */,
				0AD926DB16DB115E00FA192E /* WalksTVC.m in Sources */,
				0AE7802A16DBBD6F003785E9 /* NewWalkVC.m in Sources */,
			);
			runOnlyForDeploymentPostprocessing = 0;
		};
/* End PBXSourcesBuildPhase section */

/* Begin PBXVariantGroup section */
		0AD926A516DB07CE00FA192E /* InfoPlist.strings */ = {
			isa = PBXVariantGroup;
			children = (
				0AD926A616DB07CE00FA192E /* en */,
			);
			name = InfoPlist.strings;
			sourceTree = "<group>";
		};
		0AD926B416DB07CE00FA192E /* iPhone.storyboard */ = {
			isa = PBXVariantGroup;
			children = (
				0AD926B516DB07CE00FA192E /* en */,
			);
			name = iPhone.storyboard;
			sourceTree = "<group>";
		};
		0AD926B716DB07CE00FA192E /* iPad.storyboard */ = {
			isa = PBXVariantGroup;
			children = (
				0AD926B816DB07CE00FA192E /* en */,
			);
			name = iPad.storyboard;
			sourceTree = "<group>";
		};
/* End PBXVariantGroup section */

/* Begin XCBuildConfiguration section */
		0AD926BD16DB07CE00FA192E /* Debug */ = {
			isa = XCBuildConfiguration;
			buildSettings = {
				ALWAYS_SEARCH_USER_PATHS = NO;
				CLANG_CXX_LANGUAGE_STANDARD = "gnu++0x";
				CLANG_CXX_LIBRARY = "libc++";
				CLANG_ENABLE_OBJC_ARC = YES;
				CLANG_WARN_CONSTANT_CONVERSION = YES;
				CLANG_WARN_EMPTY_BODY = YES;
				CLANG_WARN_ENUM_CONVERSION = YES;
				CLANG_WARN_INT_CONVERSION = YES;
				CLANG_WARN__DUPLICATE_METHOD_MATCH = YES;
				"CODE_SIGN_IDENTITY[sdk=iphoneos*]" = "iPhone Developer";
				COPY_PHASE_STRIP = NO;
				GCC_C_LANGUAGE_STANDARD = gnu99;
				GCC_DYNAMIC_NO_PIC = NO;
				GCC_OPTIMIZATION_LEVEL = 0;
				GCC_PREPROCESSOR_DEFINITIONS = (
					"DEBUG=1",
					"$(inherited)",
				);
				GCC_SYMBOLS_PRIVATE_EXTERN = NO;
				GCC_WARN_ABOUT_RETURN_TYPE = YES;
				GCC_WARN_UNINITIALIZED_AUTOS = YES;
				GCC_WARN_UNUSED_VARIABLE = YES;
				IPHONEOS_DEPLOYMENT_TARGET = 6.1;
				ONLY_ACTIVE_ARCH = YES;
				SDKROOT = iphoneos;
				TARGETED_DEVICE_FAMILY = "1,2";
			};
			name = Debug;
		};
		0AD926BE16DB07CE00FA192E /* Release */ = {
			isa = XCBuildConfiguration;
			buildSettings = {
				ALWAYS_SEARCH_USER_PATHS = NO;
				CLANG_CXX_LANGUAGE_STANDARD = "gnu++0x";
				CLANG_CXX_LIBRARY = "libc++";
				CLANG_ENABLE_OBJC_ARC = YES;
				CLANG_WARN_CONSTANT_CONVERSION = YES;
				CLANG_WARN_EMPTY_BODY = YES;
				CLANG_WARN_ENUM_CONVERSION = YES;
				CLANG_WARN_INT_CONVERSION = YES;
				CLANG_WARN__DUPLICATE_METHOD_MATCH = YES;
				"CODE_SIGN_IDENTITY[sdk=iphoneos*]" = "iPhone Developer";
				COPY_PHASE_STRIP = YES;
				GCC_C_LANGUAGE_STANDARD = gnu99;
				GCC_WARN_ABOUT_RETURN_TYPE = YES;
				GCC_WARN_UNINITIALIZED_AUTOS = YES;
				GCC_WARN_UNUSED_VARIABLE = YES;
				IPHONEOS_DEPLOYMENT_TARGET = 6.1;
				OTHER_CFLAGS = "-DNS_BLOCK_ASSERTIONS=1";
				SDKROOT = iphoneos;
				TARGETED_DEVICE_FAMILY = "1,2";
				VALIDATE_PRODUCT = YES;
			};
			name = Release;
		};
		0AD926C016DB07CE00FA192E /* Debug */ = {
			isa = XCBuildConfiguration;
			buildSettings = {
				GCC_PRECOMPILE_PREFIX_HEADER = YES;
				GCC_PREFIX_HEADER = "Walk Around The Block/Walk Around The Block-Prefix.pch";
				INFOPLIST_FILE = "Walk Around The Block/Walk Around The Block-Info.plist";
				PRODUCT_NAME = "$(TARGET_NAME)";
				WRAPPER_EXTENSION = app;
			};
			name = Debug;
		};
		0AD926C116DB07CE00FA192E /* Release */ = {
			isa = XCBuildConfiguration;
			buildSettings = {
				GCC_PRECOMPILE_PREFIX_HEADER = YES;
				GCC_PREFIX_HEADER = "Walk Around The Block/Walk Around The Block-Prefix.pch";
				INFOPLIST_FILE = "Walk Around The Block/Walk Around The Block-Info.plist";
				PRODUCT_NAME = "$(TARGET_NAME)";
				WRAPPER_EXTENSION = app;
			};
			name = Release;
		};
/* End XCBuildConfiguration section */

/* Begin XCConfigurationList section */
		0AD9269416DB07CE00FA192E /* Build configuration list for PBXProject "Walk Around The Block" */ = {
			isa = XCConfigurationList;
			buildConfigurations = (
				0AD926BD16DB07CE00FA192E /* Debug */,
				0AD926BE16DB07CE00FA192E /* Release */,
			);
			defaultConfigurationIsVisible = 0;
			defaultConfigurationName = Release;
		};
		0AD926BF16DB07CE00FA192E /* Build configuration list for PBXNativeTarget "Walk Around The Block" */ = {
			isa = XCConfigurationList;
			buildConfigurations = (
				0AD926C016DB07CE00FA192E /* Debug */,
				0AD926C116DB07CE00FA192E /* Release */,
			);
			defaultConfigurationIsVisible = 0;
			defaultConfigurationName = Release;
		};
/* End XCConfigurationList section */
	};
	rootObject = 0AD9269116DB07CE00FA192E /* Project object */;
}
